
Microsoft Visual Studio Solution File, Format Version 12.00
# Visual Studio Version 16
VisualStudioVersion = 16.0.31410.357
MinimumVisualStudioVersion = 10.0.40219.1
Project("{FAE04EC0-301F-11D3-BF4B-00C04F79EFBC}") = "TransportationExpenses", "TransportationExpenses.csproj", "{794AA9BA-4082-4CDB-AAF8-D515AB582410}"
EndProject
Global
	GlobalSection(SolutionConfigurationPlatforms) = preSolution
		Debug|Any CPU = Debug|Any CPU
		Release|Any CPU = Release|Any CPU
	EndGlobalSection
	GlobalSection(ProjectConfigurationPlatforms) = postSolution
		{794AA9BA-4082-4CDB-AAF8-D515AB582410}.Debug|Any CPU.ActiveCfg = Debug|Any CPU
		{794AA9BA-4082-4CDB-AAF8-D515AB582410}.Debug|Any CPU.Build.0 = Debug|Any CPU
		{794AA9BA-4082-4CDB-AAF8-D515AB582410}.Release|Any CPU.ActiveCfg = Release|Any CPU
		{794AA9BA-4082-4CDB-AAF8-D515AB582410}.Release|Any CPU.Build.0 = Release|Any CPU
	EndGlobalSection
	GlobalSection(SolutionProperties) = preSolution
		HideSolutionNode = FALSE
	EndGlobalSection
	GlobalSection(ExtensibilityGlobals) = postSolution
		SolutionGuid = {7BF1DCE6-82A4-4A39-9FBC-6ED05FC63F8F}
	EndGlobalSection
EndGlobal
